
Microsoft Visual Studio Solution File, Format Version 12.00
# Visual Studio Version 16
VisualStudioVersion = 16.0.31321.278
MinimumVisualStudioVersion = 10.0.40219.1
Project("{FAE04EC0-301F-11D3-BF4B-00C04F79EFBC}") = "SampleWebApp", "SampleWebApp\SampleWebApp.csproj", "{9574B3BD-364D-40D4-BEB5-6791321861BF}"
EndProject
Global
	GlobalSection(SolutionConfigurationPlatforms) = preSolution
		Debug|Any CPU = Debug|Any CPU
		Release|Any CPU = Release|Any CPU
	EndGlobalSection
	GlobalSection(ProjectConfigurationPlatforms) = postSolution
		{9574B3BD-364D-40D4-BEB5-6791321861BF}.Debug|Any CPU.ActiveCfg = Debug|Any CPU
		{9574B3BD-364D-40D4-BEB5-6791321861BF}.Debug|Any CPU.Build.0 = Debug|Any CPU
		{9574B3BD-364D-40D4-BEB5-6791321861BF}.Release|Any CPU.ActiveCfg = Release|Any CPU
		{9574B3BD-364D-40D4-BEB5-6791321861BF}.Release|Any CPU.Build.0 = Release|Any CPU
	EndGlobalSection
	GlobalSection(SolutionProperties) = preSolution
		HideSolutionNode = FALSE
	EndGlobalSection
	GlobalSection(ExtensibilityGlobals) = postSolution
		SolutionGuid = {113B71DF-D93D-4EBB-BE7A-6498C6009329}
	EndGlobalSection
EndGlobal
